// !$*UTF8*$!
{
	archiveVersion = 1;
	classes = {
	};
	objectVersion = 46;
	objects = {

/* Begin PBXBuildFile section */
		B0E0623519DCDF6D00316EA3 /* Foundation.framework in Frameworks */ = {isa = PBXBuildFile; fileRef = B0E0623419DCDF6D00316EA3 /* Foundation.framework */; };
		B0E0623719DCDF6D00316EA3 /* CoreGraphics.framework in Frameworks */ = {isa = PBXBuildFile; fileRef = B0E0623619DCDF6D00316EA3 /* CoreGraphics.framework */; };
		B0E0623919DCDF6D00316EA3 /* UIKit.framework in Frameworks */ = {isa = PBXBuildFile; fileRef = B0E0623819DCDF6D00316EA3 /* UIKit.framework */; };
		B0E0623F19DCDF6D00316EA3 /* InfoPlist.strings in Resources */ = {isa = PBXBuildFile; fileRef = B0E0623D19DCDF6D00316EA3 /* InfoPlist.strings */; };
		B0E0624119DCDF6D00316EA3 /* main.m in Sources */ = {isa = PBXBuildFile; fileRef = B0E0624019DCDF6D00316EA3 /* main.m */; };
		B0E0624519DCDF6D00316EA3 /* CardGameAppDelegate.m in Sources */ = {isa = PBXBuildFile; fileRef = B0E0624419DCDF6D00316EA3 /* CardGameAppDelegate.m */; };
		B0E0624819DCDF6D00316EA3 /* Main.storyboard in Resources */ = {isa = PBXBuildFile; fileRef = B0E0624619DCDF6D00316EA3 /* Main.storyboard */; };
		B0E0624B19DCDF6D00316EA3 /* CardGameViewController.m in Sources */ = {isa = PBXBuildFile; fileRef = B0E0624A19DCDF6D00316EA3 /* CardGameViewController.m */; };
		B0E0624D19DCDF6D00316EA3 /* Images.xcassets in Resources */ = {isa = PBXBuildFile; fileRef = B0E0624C19DCDF6D00316EA3 /* Images.xcassets */; };
		B0E0625419DCDF6D00316EA3 /* XCTest.framework in Frameworks */ = {isa = PBXBuildFile; fileRef = B0E0625319DCDF6D00316EA3 /* XCTest.framework */; };
		B0E0625519DCDF6D00316EA3 /* Foundation.framework in Frameworks */ = {isa = PBXBuildFile; fileRef = B0E0623419DCDF6D00316EA3 /* Foundation.framework */; };
		B0E0625619DCDF6D00316EA3 /* UIKit.framework in Frameworks */ = {isa = PBXBuildFile; fileRef = B0E0623819DCDF6D00316EA3 /* UIKit.framework */; };
		B0E0625E19DCDF6D00316EA3 /* InfoPlist.strings in Resources */ = {isa = PBXBuildFile; fileRef = B0E0625C19DCDF6D00316EA3 /* InfoPlist.strings */; };
		B0E0626019DCDF6D00316EA3 /* DeckOCardsTests.m in Sources */ = {isa = PBXBuildFile; fileRef = B0E0625F19DCDF6D00316EA3 /* DeckOCardsTests.m */; };
		B0E0626E19DCE8EF00316EA3 /* Card.m in Sources */ = {isa = PBXBuildFile; fileRef = B0E0626D19DCE8EF00316EA3 /* Card.m */; };
		B0E0627219DCE96500316EA3 /* Deck.m in Sources */ = {isa = PBXBuildFile; fileRef = B0E0627119DCE96500316EA3 /* Deck.m */; };
		B0E0627519DCE99C00316EA3 /* PlayingCard.m in Sources */ = {isa = PBXBuildFile; fileRef = B0E0627419DCE99C00316EA3 /* PlayingCard.m */; };
		B0E0627819DCE9B900316EA3 /* PlayingCardDeck.m in Sources */ = {isa = PBXBuildFile; fileRef = B0E0627719DCE9B900316EA3 /* PlayingCardDeck.m */; };
		B0E0627B19F352A500316EA3 /* CardMatchingGame.m in Sources */ = {isa = PBXBuildFile; fileRef = B0E0627A19F352A500316EA3 /* CardMatchingGame.m */; };
/* End PBXBuildFile section */

/* Begin PBXContainerItemProxy section */
		B0E0625719DCDF6D00316EA3 /* PBXContainerItemProxy */ = {
			isa = PBXContainerItemProxy;
			containerPortal = B0E0622919DCDF6D00316EA3 /* Project object */;
			proxyType = 1;
			remoteGlobalIDString = B0E0623019DCDF6D00316EA3;
			remoteInfo = DeckOCards;
		};
/* End PBXContainerItemProxy section */

/* Begin PBXFileReference section */
		B0E0623119DCDF6D00316EA3 /* DeckOCards.app */ = {isa = PBXFileReference; explicitFileType = wrapper.application; includeInIndex = 0; path = DeckOCards.app; sourceTree = BUILT_PRODUCTS_DIR; };
		B0E0623419DCDF6D00316EA3 /* Foundation.framework */ = {isa = PBXFileReference; lastKnownFileType = wrapper.framework; name = Foundation.framework; path = System/Library/Frameworks/Foundation.framework; sourceTree = SDKROOT; };
		B0E0623619DCDF6D00316EA3 /* CoreGraphics.framework */ = {isa = PBXFileReference; lastKnownFileType = wrapper.framework; name = CoreGraphics.framework; path = System/Library/Frameworks/CoreGraphics.framework; sourceTree = SDKROOT; };
		B0E0623819DCDF6D00316EA3 /* UIKit.framework */ = {isa = PBXFileReference; lastKnownFileType = wrapper.framework; name = UIKit.framework; path = System/Library/Frameworks/UIKit.framework; sourceTree = SDKROOT; };
		B0E0623C19DCDF6D00316EA3 /* DeckOCards-Info.plist */ = {isa = PBXFileReference; lastKnownFileType = text.plist.xml; path = "DeckOCards-Info.plist"; sourceTree = "<group>"; };
		B0E0623E19DCDF6D00316EA3 /* en */ = {isa = PBXFileReference; lastKnownFileType = text.plist.strings; name = en; path = en.lproj/InfoPlist.strings; sourceTree = "<group>"; };
		B0E0624019DCDF6D00316EA3 /* main.m */ = {isa = PBXFileReference; lastKnownFileType = sourcecode.c.objc; path = main.m; sourceTree = "<group>"; };
		B0E0624219DCDF6D00316EA3 /* DeckOCards-Prefix.pch */ = {isa = PBXFileReference; lastKnownFileType = sourcecode.c.h; path = "DeckOCards-Prefix.pch"; sourceTree = "<group>"; };
		B0E0624319DCDF6D00316EA3 /* CardGameAppDelegate.h */ = {isa = PBXFileReference; lastKnownFileType = sourcecode.c.h; path = CardGameAppDelegate.h; sourceTree = "<group>"; };
		B0E0624419DCDF6D00316EA3 /* CardGameAppDelegate.m */ = {isa = PBXFileReference; lastKnownFileType = sourcecode.c.objc; path = CardGameAppDelegate.m; sourceTree = "<group>"; };
		B0E0624719DCDF6D00316EA3 /* Base */ = {isa = PBXFileReference; lastKnownFileType = file.storyboard; name = Base; path = Base.lproj/Main.storyboard; sourceTree = "<group>"; };
		B0E0624919DCDF6D00316EA3 /* CardGameViewController.h */ = {isa = PBXFileReference; lastKnownFileType = sourcecode.c.h; path = CardGameViewController.h; sourceTree = "<group>"; };
		B0E0624A19DCDF6D00316EA3 /* CardGameViewController.m */ = {isa = PBXFileReference; lastKnownFileType = sourcecode.c.objc; path = CardGameViewController.m; sourceTree = "<group>"; };
		B0E0624C19DCDF6D00316EA3 /* Images.xcassets */ = {isa = PBXFileReference; lastKnownFileType = folder.assetcatalog; path = Images.xcassets; sourceTree = "<group>"; };
		B0E0625219DCDF6D00316EA3 /* DeckOCardsTests.xctest */ = {isa = PBXFileReference; explicitFileType = wrapper.cfbundle; includeInIndex = 0; path = DeckOCardsTests.xctest; sourceTree = BUILT_PRODUCTS_DIR; };
		B0E0625319DCDF6D00316EA3 /* XCTest.framework */ = {isa = PBXFileReference; lastKnownFileType = wrapper.framework; name = XCTest.framework; path = Library/Frameworks/XCTest.framework; sourceTree = DEVELOPER_DIR; };
		B0E0625B19DCDF6D00316EA3 /* DeckOCardsTests-Info.plist */ = {isa = PBXFileReference; lastKnownFileType = text.plist.xml; path = "DeckOCardsTests-Info.plist"; sourceTree = "<group>"; };
		B0E0625D19DCDF6D00316EA3 /* en */ = {isa = PBXFileReference; lastKnownFileType = text.plist.strings; name = en; path = en.lproj/InfoPlist.strings; sourceTree = "<group>"; };
		B0E0625F19DCDF6D00316EA3 /* DeckOCardsTests.m */ = {isa = PBXFileReference; lastKnownFileType = sourcecode.c.objc; path = DeckOCardsTests.m; sourceTree = "<group>"; };
		B0E0626C19DCE8EF00316EA3 /* Card.h */ = {isa = PBXFileReference; fileEncoding = 4; lastKnownFileType = sourcecode.c.h; name = Card.h; path = Model/Card.h; sourceTree = "<group>"; };
		B0E0626D19DCE8EF00316EA3 /* Card.m */ = {isa = PBXFileReference; fileEncoding = 4; lastKnownFileType = sourcecode.c.objc; name = Card.m; path = Model/Card.m; sourceTree = "<group>"; };
		B0E0627019DCE96500316EA3 /* Deck.h */ = {isa = PBXFileReference; fileEncoding = 4; lastKnownFileType = sourcecode.c.h; name = Deck.h; path = Model/Deck.h; sourceTree = "<group>"; };
		B0E0627119DCE96500316EA3 /* Deck.m */ = {isa = PBXFileReference; fileEncoding = 4; lastKnownFileType = sourcecode.c.objc; name = Deck.m; path = Model/Deck.m; sourceTree = "<group>"; };
		B0E0627319DCE99C00316EA3 /* PlayingCard.h */ = {isa = PBXFileReference; fileEncoding = 4; lastKnownFileType = sourcecode.c.h; name = PlayingCard.h; path = Model/PlayingCard.h; sourceTree = "<group>"; };
		B0E0627419DCE99C00316EA3 /* PlayingCard.m */ = {isa = PBXFileReference; fileEncoding = 4; lastKnownFileType = sourcecode.c.objc; name = PlayingCard.m; path = Model/PlayingCard.m; sourceTree = "<group>"; };
		B0E0627619DCE9B900316EA3 /* PlayingCardDeck.h */ = {isa = PBXFileReference; fileEncoding = 4; lastKnownFileType = sourcecode.c.h; name = PlayingCardDeck.h; path = Model/PlayingCardDeck.h; sourceTree = "<group>"; };
		B0E0627719DCE9B900316EA3 /* PlayingCardDeck.m */ = {isa = PBXFileReference; fileEncoding = 4; lastKnownFileType = sourcecode.c.objc; name = PlayingCardDeck.m; path = Model/PlayingCardDeck.m; sourceTree = "<group>"; };
		B0E0627919F352A500316EA3 /* CardMatchingGame.h */ = {isa = PBXFileReference; fileEncoding = 4; lastKnownFileType = sourcecode.c.h; path = CardMatchingGame.h; sourceTree = "<group>"; };
		B0E0627A19F352A500316EA3 /* CardMatchingGame.m */ = {isa = PBXFileReference; fileEncoding = 4; lastKnownFileType = sourcecode.c.objc; path = CardMatchingGame.m; sourceTree = "<group>"; };
/* End PBXFileReference section */

/* Begin PBXFrameworksBuildPhase section */
		B0E0622E19DCDF6D00316EA3 /* Frameworks */ = {
			isa = PBXFrameworksBuildPhase;
			buildActionMask = 2147483647;
			files = (
				B0E0623719DCDF6D00316EA3 /* CoreGraphics.framework in Frameworks */,
				B0E0623919DCDF6D00316EA3 /* UIKit.framework in Frameworks */,
				B0E0623519DCDF6D00316EA3 /* Foundation.framework in Frameworks */,
			);
			runOnlyForDeploymentPostprocessing = 0;
		};
		B0E0624F19DCDF6D00316EA3 /* Frameworks */ = {
			isa = PBXFrameworksBuildPhase;
			buildActionMask = 2147483647;
			files = (
				B0E0625419DCDF6D00316EA3 /* XCTest.framework in Frameworks */,
				B0E0625619DCDF6D00316EA3 /* UIKit.framework in Frameworks */,
				B0E0625519DCDF6D00316EA3 /* Foundation.framework in Frameworks */,
			);
			runOnlyForDeploymentPostprocessing = 0;
		};
/* End PBXFrameworksBuildPhase section */

/* Begin PBXGroup section */
		B0E0622819DCDF6D00316EA3 = {
			isa = PBXGroup;
			children = (
				B0E0623A19DCDF6D00316EA3 /* DeckOCards */,
				B0E0625919DCDF6D00316EA3 /* DeckOCardsTests */,
				B0E0623319DCDF6D00316EA3 /* Frameworks */,
				B0E0623219DCDF6D00316EA3 /* Products */,
			);
			sourceTree = "<group>";
		};
		B0E0623219DCDF6D00316EA3 /* Products */ = {
			isa = PBXGroup;
			children = (
				B0E0623119DCDF6D00316EA3 /* DeckOCards.app */,
				B0E0625219DCDF6D00316EA3 /* DeckOCardsTests.xctest */,
			);
			name = Products;
			sourceTree = "<group>";
		};
		B0E0623319DCDF6D00316EA3 /* Frameworks */ = {
			isa = PBXGroup;
			children = (
				B0E0623419DCDF6D00316EA3 /* Foundation.framework */,
				B0E0623619DCDF6D00316EA3 /* CoreGraphics.framework */,
				B0E0623819DCDF6D00316EA3 /* UIKit.framework */,
				B0E0625319DCDF6D00316EA3 /* XCTest.framework */,
			);
			name = Frameworks;
			sourceTree = "<group>";
		};
		B0E0623A19DCDF6D00316EA3 /* DeckOCards */ = {
			isa = PBXGroup;
			children = (
				B0E0624319DCDF6D00316EA3 /* CardGameAppDelegate.h */,
				B0E0624419DCDF6D00316EA3 /* CardGameAppDelegate.m */,
				B0E0624619DCDF6D00316EA3 /* Main.storyboard */,
				B0E0624919DCDF6D00316EA3 /* CardGameViewController.h */,
				B0E0624A19DCDF6D00316EA3 /* CardGameViewController.m */,
				B0E0626F19DCE8FB00316EA3 /* Model */,
				B0E0624C19DCDF6D00316EA3 /* Images.xcassets */,
				B0E0623B19DCDF6D00316EA3 /* Supporting Files */,
			);
			path = DeckOCards;
			sourceTree = "<group>";
		};
		B0E0623B19DCDF6D00316EA3 /* Supporting Files */ = {
			isa = PBXGroup;
			children = (
				B0E0623C19DCDF6D00316EA3 /* DeckOCards-Info.plist */,
				B0E0623D19DCDF6D00316EA3 /* InfoPlist.strings */,
				B0E0624019DCDF6D00316EA3 /* main.m */,
				B0E0624219DCDF6D00316EA3 /* DeckOCards-Prefix.pch */,
			);
			name = "Supporting Files";
			sourceTree = "<group>";
		};
		B0E0625919DCDF6D00316EA3 /* DeckOCardsTests */ = {
			isa = PBXGroup;
			children = (
				B0E0625F19DCDF6D00316EA3 /* DeckOCardsTests.m */,
				B0E0625A19DCDF6D00316EA3 /* Supporting Files */,
			);
			path = DeckOCardsTests;
			sourceTree = "<group>";
		};
		B0E0625A19DCDF6D00316EA3 /* Supporting Files */ = {
			isa = PBXGroup;
			children = (
				B0E0625B19DCDF6D00316EA3 /* DeckOCardsTests-Info.plist */,
				B0E0625C19DCDF6D00316EA3 /* InfoPlist.strings */,
			);
			name = "Supporting Files";
			sourceTree = "<group>";
		};
		B0E0626F19DCE8FB00316EA3 /* Model */ = {
			isa = PBXGroup;
			children = (
				B0E0627919F352A500316EA3 /* CardMatchingGame.h */,
				B0E0627A19F352A500316EA3 /* CardMatchingGame.m */,
				B0E0626D19DCE8EF00316EA3 /* Card.m */,
				B0E0626C19DCE8EF00316EA3 /* Card.h */,
				B0E0627019DCE96500316EA3 /* Deck.h */,
				B0E0627119DCE96500316EA3 /* Deck.m */,
				B0E0627319DCE99C00316EA3 /* PlayingCard.h */,
				B0E0627419DCE99C00316EA3 /* PlayingCard.m */,
				B0E0627619DCE9B900316EA3 /* PlayingCardDeck.h */,
				B0E0627719DCE9B900316EA3 /* PlayingCardDeck.m */,
			);
			name = Model;
			path = ..;
			sourceTree = "<group>";
		};
/* End PBXGroup section */

/* Begin PBXNativeTarget section */
		B0E0623019DCDF6D00316EA3 /* DeckOCards */ = {
			isa = PBXNativeTarget;
			buildConfigurationList = B0E0626319DCDF6D00316EA3 /* Build configuration list for PBXNativeTarget "DeckOCards" */;
			buildPhases = (
				B0E0622D19DCDF6D00316EA3 /* Sources */,
				B0E0622E19DCDF6D00316EA3 /* Frameworks */,
				B0E0622F19DCDF6D00316EA3 /* Resources */,
			);
			buildRules = (
			);
			dependencies = (
			);
			name = DeckOCards;
			productName = DeckOCards;
			productReference = B0E0623119DCDF6D00316EA3 /* DeckOCards.app */;
			productType = "com.apple.product-type.application";
		};
		B0E0625119DCDF6D00316EA3 /* DeckOCardsTests */ = {
			isa = PBXNativeTarget;
			buildConfigurationList = B0E0626619DCDF6D00316EA3 /* Build configuration list for PBXNativeTarget "DeckOCardsTests" */;
			buildPhases = (
				B0E0624E19DCDF6D00316EA3 /* Sources */,
				B0E0624F19DCDF6D00316EA3 /* Frameworks */,
				B0E0625019DCDF6D00316EA3 /* Resources */,
			);
			buildRules = (
			);
			dependencies = (
				B0E0625819DCDF6D00316EA3 /* PBXTargetDependency */,
			);
			name = DeckOCardsTests;
			productName = DeckOCardsTests;
			productReference = B0E0625219DCDF6D00316EA3 /* DeckOCardsTests.xctest */;
			productType = "com.apple.product-type.bundle.unit-test";
		};
/* End PBXNativeTarget section */

/* Begin PBXProject section */
		B0E0622919DCDF6D00316EA3 /* Project object */ = {
			isa = PBXProject;
			attributes = {
				CLASSPREFIX = CardGame;
				LastUpgradeCheck = 0510;
				ORGANIZATIONNAME = vimal;
				TargetAttributes = {
					B0E0623019DCDF6D00316EA3 = {
						DevelopmentTeam = 46DX7MPZ7B;
					};
					B0E0625119DCDF6D00316EA3 = {
						TestTargetID = B0E0623019DCDF6D00316EA3;
					};
				};
			};
			buildConfigurationList = B0E0622C19DCDF6D00316EA3 /* Build configuration list for PBXProject "DeckOCards" */;
			compatibilityVersion = "Xcode 3.2";
			developmentRegion = English;
			hasScannedForEncodings = 0;
			knownRegions = (
				en,
				Base,
			);
			mainGroup = B0E0622819DCDF6D00316EA3;
			productRefGroup = B0E0623219DCDF6D00316EA3 /* Products */;
			projectDirPath = "";
			projectRoot = "";
			targets = (
				B0E0623019DCDF6D00316EA3 /* DeckOCards */,
				B0E0625119DCDF6D00316EA3 /* DeckOCardsTests */,
			);
		};
/* End PBXProject section */

/* Begin PBXResourcesBuildPhase section */
		B0E0622F19DCDF6D00316EA3 /* Resources */ = {
			isa = PBXResourcesBuildPhase;
			buildActionMask = 2147483647;
			files = (
				B0E0624D19DCDF6D00316EA3 /* Images.xcassets in Resources */,
				B0E0623F19DCDF6D00316EA3 /* InfoPlist.strings in Resources */,
				B0E0624819DCDF6D00316EA3 /* Main.storyboard in Resources */,
			);
			runOnlyForDeploymentPostprocessing = 0;
		};
		B0E0625019DCDF6D00316EA3 /* Resources */ = {
			isa = PBXResourcesBuildPhase;
			buildActionMask = 2147483647;
			files = (
				B0E0625E19DCDF6D00316EA3 /* InfoPlist.strings in Resources */,
			);
			runOnlyForDeploymentPostprocessing = 0;
		};
/* End PBXResourcesBuildPhase section */

/* Begin PBXSourcesBuildPhase section */
		B0E0622D19DCDF6D00316EA3 /* Sources */ = {
			isa = PBXSourcesBuildPhase;
			buildActionMask = 2147483647;
			files = (
				B0E0627519DCE99C00316EA3 /* PlayingCard.m in Sources */,
				B0E0627219DCE96500316EA3 /* Deck.m in Sources */,
				B0E0624519DCDF6D00316EA3 /* CardGameAppDelegate.m in Sources */,
				B0E0624B19DCDF6D00316EA3 /* CardGameViewController.m in Sources */,
				B0E0627B19F352A500316EA3 /* CardMatchingGame.m in Sources */,
				B0E0627819DCE9B900316EA3 /* PlayingCardDeck.m in Sources */,
				B0E0624119DCDF6D00316EA3 /* main.m in Sources */,
				B0E0626E19DCE8EF00316EA3 /* Card.m in Sources */,
			);
			runOnlyForDeploymentPostprocessing = 0;
		};
		B0E0624E19DCDF6D00316EA3 /* Sources */ = {
			isa = PBXSourcesBuildPhase;
			buildActionMask = 2147483647;
			files = (
				B0E0626019DCDF6D00316EA3 /* DeckOCardsTests.m in Sources */,
			);
			runOnlyForDeploymentPostprocessing = 0;
		};
/* End PBXSourcesBuildPhase section */

/* Begin PBXTargetDependency section */
		B0E0625819DCDF6D00316EA3 /* PBXTargetDependency */ = {
			isa = PBXTargetDependency;
			target = B0E0623019DCDF6D00316EA3 /* DeckOCards */;
			targetProxy = B0E0625719DCDF6D00316EA3 /* PBXContainerItemProxy */;
		};
/* End PBXTargetDependency section */

/* Begin PBXVariantGroup section */
		B0E0623D19DCDF6D00316EA3 /* InfoPlist.strings */ = {
			isa = PBXVariantGroup;
			children = (
				B0E0623E19DCDF6D00316EA3 /* en */,
			);
			name = InfoPlist.strings;
			sourceTree = "<group>";
		};
		B0E0624619DCDF6D00316EA3 /* Main.storyboard */ = {
			isa = PBXVariantGroup;
			children = (
				B0E0624719DCDF6D00316EA3 /* Base */,
			);
			name = Main.storyboard;
			sourceTree = "<group>";
		};
		B0E0625C19DCDF6D00316EA3 /* InfoPlist.strings */ = {
			isa = PBXVariantGroup;
			children = (
				B0E0625D19DCDF6D00316EA3 /* en */,
			);
			name = InfoPlist.strings;
			sourceTree = "<group>";
		};
/* End PBXVariantGroup section */

/* Begin XCBuildConfiguration section */
		B0E0626119DCDF6D00316EA3 /* Debug */ = {
			isa = XCBuildConfiguration;
			buildSettings = {
				ALWAYS_SEARCH_USER_PATHS = NO;
				CLANG_CXX_LANGUAGE_STANDARD = "gnu++0x";
				CLANG_CXX_LIBRARY = "libc++";
				CLANG_ENABLE_MODULES = YES;
				CLANG_ENABLE_OBJC_ARC = YES;
				CLANG_WARN_BOOL_CONVERSION = YES;
				CLANG_WARN_CONSTANT_CONVERSION = YES;
				CLANG_WARN_DIRECT_OBJC_ISA_USAGE = YES_ERROR;
				CLANG_WARN_EMPTY_BODY = YES;
				CLANG_WARN_ENUM_CONVERSION = YES;
				CLANG_WARN_INT_CONVERSION = YES;
				CLANG_WARN_OBJC_ROOT_CLASS = YES_ERROR;
				CLANG_WARN__DUPLICATE_METHOD_MATCH = YES;
				"CODE_SIGN_IDENTITY[sdk=iphoneos*]" = "iPhone Developer";
				COPY_PHASE_STRIP = NO;
				GCC_C_LANGUAGE_STANDARD = gnu99;
				GCC_DYNAMIC_NO_PIC = NO;
				GCC_OPTIMIZATION_LEVEL = 0;
				GCC_PREPROCESSOR_DEFINITIONS = (
					"DEBUG=1",
					"$(inherited)",
				);
				GCC_SYMBOLS_PRIVATE_EXTERN = NO;
				GCC_WARN_64_TO_32_BIT_CONVERSION = YES;
				GCC_WARN_ABOUT_RETURN_TYPE = YES_ERROR;
				GCC_WARN_UNDECLARED_SELECTOR = YES;
				GCC_WARN_UNINITIALIZED_AUTOS = YES_AGGRESSIVE;
				GCC_WARN_UNUSED_FUNCTION = YES;
				GCC_WARN_UNUSED_VARIABLE = YES;
				IPHONEOS_DEPLOYMENT_TARGET = 7.1;
				ONLY_ACTIVE_ARCH = YES;
				SDKROOT = iphoneos;
			};
			name = Debug;
		};
		B0E0626219DCDF6D00316EA3 /* Release */ = {
			isa = XCBuildConfiguration;
			buildSettings = {
				ALWAYS_SEARCH_USER_PATHS = NO;
				CLANG_CXX_LANGUAGE_STANDARD = "gnu++0x";
				CLANG_CXX_LIBRARY = "libc++";
				CLANG_ENABLE_MODULES = YES;
				CLANG_ENABLE_OBJC_ARC = YES;
				CLANG_WARN_BOOL_CONVERSION = YES;
				CLANG_WARN_CONSTANT_CONVERSION = YES;
				CLANG_WARN_DIRECT_OBJC_ISA_USAGE = YES_ERROR;
				CLANG_WARN_EMPTY_BODY = YES;
				CLANG_WARN_ENUM_CONVERSION = YES;
				CLANG_WARN_INT_CONVERSION = YES;
				CLANG_WARN_OBJC_ROOT_CLASS = YES_ERROR;
				CLANG_WARN__DUPLICATE_METHOD_MATCH = YES;
				"CODE_SIGN_IDENTITY[sdk=iphoneos*]" = "iPhone Developer";
				COPY_PHASE_STRIP = YES;
				ENABLE_NS_ASSERTIONS = NO;
				GCC_C_LANGUAGE_STANDARD = gnu99;
				GCC_WARN_64_TO_32_BIT_CONVERSION = YES;
				GCC_WARN_ABOUT_RETURN_TYPE = YES_ERROR;
				GCC_WARN_UNDECLARED_SELECTOR = YES;
				GCC_WARN_UNINITIALIZED_AUTOS = YES_AGGRESSIVE;
				GCC_WARN_UNUSED_FUNCTION = YES;
				GCC_WARN_UNUSED_VARIABLE = YES;
				IPHONEOS_DEPLOYMENT_TARGET = 7.1;
				SDKROOT = iphoneos;
				VALIDATE_PRODUCT = YES;
			};
			name = Release;
		};
		B0E0626419DCDF6D00316EA3 /* Debug */ = {
			isa = XCBuildConfiguration;
			buildSettings = {
				ASSETCATALOG_COMPILER_APPICON_NAME = AppIcon;
				ASSETCATALOG_COMPILER_LAUNCHIMAGE_NAME = LaunchImage;
				CODE_SIGN_IDENTITY = "iPhone Developer";
				"CODE_SIGN_IDENTITY[sdk=iphoneos*]" = "iPhone Developer";
				GCC_PRECOMPILE_PREFIX_HEADER = YES;
				GCC_PREFIX_HEADER = "DeckOCards/DeckOCards-Prefix.pch";
				INFOPLIST_FILE = "DeckOCards/DeckOCards-Info.plist";
				PRODUCT_NAME = "$(TARGET_NAME)";
				PROVISIONING_PROFILE = "";
				WRAPPER_EXTENSION = app;
			};
			name = Debug;
		};
		B0E0626519DCDF6D00316EA3 /* Release */ = {
			isa = XCBuildConfiguration;
			buildSettings = {
				ASSETCATALOG_COMPILER_APPICON_NAME = AppIcon;
				ASSETCATALOG_COMPILER_LAUNCHIMAGE_NAME = LaunchImage;
				CODE_SIGN_IDENTITY = "iPhone Developer";
				"CODE_SIGN_IDENTITY[sdk=iphoneos*]" = "iPhone Developer";
				GCC_PRECOMPILE_PREFIX_HEADER = YES;
				GCC_PREFIX_HEADER = "DeckOCards/DeckOCards-Prefix.pch";
				INFOPLIST_FILE = "DeckOCards/DeckOCards-Info.plist";
				PRODUCT_NAME = "$(TARGET_NAME)";
				PROVISIONING_PROFILE = "";
				WRAPPER_EXTENSION = app;
			};
			name = Release;
		};
		B0E0626719DCDF6D00316EA3 /* Debug */ = {
			isa = XCBuildConfiguration;
			buildSettings = {
				BUNDLE_LOADER = "$(BUILT_PRODUCTS_DIR)/DeckOCards.app/DeckOCards";
				FRAMEWORK_SEARCH_PATHS = (
					"$(SDKROOT)/Developer/Library/Frameworks",
					"$(inherited)",
					"$(DEVELOPER_FRAMEWORKS_DIR)",
				);
				GCC_PRECOMPILE_PREFIX_HEADER = YES;
				GCC_PREFIX_HEADER = "DeckOCards/DeckOCards-Prefix.pch";
				GCC_PREPROCESSOR_DEFINITIONS = (
					"DEBUG=1",
					"$(inherited)",
				);
				INFOPLIST_FILE = "DeckOCardsTests/DeckOCardsTests-Info.plist";
				PRODUCT_NAME = "$(TARGET_NAME)";
				TEST_HOST = "$(BUNDLE_LOADER)";
				WRAPPER_EXTENSION = xctest;
			};
			name = Debug;
		};
		B0E0626819DCDF6D00316EA3 /* Release */ = {
			isa = XCBuildConfiguration;
			buildSettings = {
				BUNDLE_LOADER = "$(BUILT_PRODUCTS_DIR)/DeckOCards.app/DeckOCards";
				FRAMEWORK_SEARCH_PATHS = (
					"$(SDKROOT)/Developer/Library/Frameworks",
					"$(inherited)",
					"$(DEVELOPER_FRAMEWORKS_DIR)",
				);
				GCC_PRECOMPILE_PREFIX_HEADER = YES;
				GCC_PREFIX_HEADER = "DeckOCards/DeckOCards-Prefix.pch";
				INFOPLIST_FILE = "DeckOCardsTests/DeckOCardsTests-Info.plist";
				PRODUCT_NAME = "$(TARGET_NAME)";
				TEST_HOST = "$(BUNDLE_LOADER)";
				WRAPPER_EXTENSION = xctest;
			};
			name = Release;
		};
/* End XCBuildConfiguration section */

/* Begin XCConfigurationList section */
		B0E0622C19DCDF6D00316EA3 /* Build configuration list for PBXProject "DeckOCards" */ = {
			isa = XCConfigurationList;
			buildConfigurations = (
				B0E0626119DCDF6D00316EA3 /* Debug */,
				B0E0626219DCDF6D00316EA3 /* Release */,
			);
			defaultConfigurationIsVisible = 0;
			defaultConfigurationName = Release;
		};
		B0E0626319DCDF6D00316EA3 /* Build configuration list for PBXNativeTarget "DeckOCards" */ = {
			isa = XCConfigurationList;
			buildConfigurations = (
				B0E0626419DCDF6D00316EA3 /* Debug */,
				B0E0626519DCDF6D00316EA3 /* Release */,
			);
			defaultConfigurationIsVisible = 0;
			defaultConfigurationName = Release;
		};
		B0E0626619DCDF6D00316EA3 /* Build configuration list for PBXNativeTarget "DeckOCardsTests" */ = {
			isa = XCConfigurationList;
			buildConfigurations = (
				B0E0626719DCDF6D00316EA3 /* Debug */,
				B0E0626819DCDF6D00316EA3 /* Release */,
			);
			defaultConfigurationIsVisible = 0;
			defaultConfigurationName = Release;
		};
/* End XCConfigurationList section */
	};
	rootObject = B0E0622919DCDF6D00316EA3 /* Project object */;
}
